
Microsoft Visual Studio Solution File, Format Version 12.00
# Visual Studio Version 16
VisualStudioVersion = 16.0.29613.14
MinimumVisualStudioVersion = 10.0.40219.1
Project("{FAE04EC0-301F-11D3-BF4B-00C04F79EFBC}") = "FinalExam", "FinalExam.csproj", "{BFBB30AD-F4E9-417C-9B82-7C46D8230158}"
EndProject
Global
	GlobalSection(SolutionConfigurationPlatforms) = preSolution
		Debug|Any CPU = Debug|Any CPU
		Release|Any CPU = Release|Any CPU
	EndGlobalSection
	GlobalSection(ProjectConfigurationPlatforms) = postSolution
		{BFBB30AD-F4E9-417C-9B82-7C46D8230158}.Debug|Any CPU.ActiveCfg = Debug|Any CPU
		{BFBB30AD-F4E9-417C-9B82-7C46D8230158}.Debug|Any CPU.Build.0 = Debug|Any CPU
		{BFBB30AD-F4E9-417C-9B82-7C46D8230158}.Release|Any CPU.ActiveCfg = Release|Any CPU
		{BFBB30AD-F4E9-417C-9B82-7C46D8230158}.Release|Any CPU.Build.0 = Release|Any CPU
	EndGlobalSection
	GlobalSection(SolutionProperties) = preSolution
		HideSolutionNode = FALSE
	EndGlobalSection
	GlobalSection(ExtensibilityGlobals) = postSolution
		SolutionGuid = {0778A16A-1C3F-4720-B1E9-F29A4303044A}
	EndGlobalSection
EndGlobal
